
Microsoft Visual Studio Solution File, Format Version 12.00
# Visual Studio 15
VisualStudioVersion = 15.0.26401.1
MinimumVisualStudioVersion = 10.0.40219.1
Project("{FAE04EC0-301F-11D3-BF4B-00C04F79EFBC}") = "program_0401", "program_0401\program_0401.csproj", "{D75A8E55-B704-4933-B54F-9361D08F1EDA}"
EndProject
Global
	GlobalSection(SolutionConfigurationPlatforms) = preSolution
		Debug|Any CPU = Debug|Any CPU
		Release|Any CPU = Release|Any CPU
	EndGlobalSection
	GlobalSection(ProjectConfigurationPlatforms) = postSolution
		{D75A8E55-B704-4933-B54F-9361D08F1EDA}.Debug|Any CPU.ActiveCfg = Debug|Any CPU
		{D75A8E55-B704-4933-B54F-9361D08F1EDA}.Debug|Any CPU.Build.0 = Debug|Any CPU
		{D75A8E55-B704-4933-B54F-9361D08F1EDA}.Release|Any CPU.ActiveCfg = Release|Any CPU
		{D75A8E55-B704-4933-B54F-9361D08F1EDA}.Release|Any CPU.Build.0 = Release|Any CPU
	EndGlobalSection
	GlobalSection(SolutionProperties) = preSolution
		HideSolutionNode = FALSE
	EndGlobalSection
EndGlobal
